
Microsoft Visual Studio Solution File, Format Version 12.00
# Visual Studio 2017
Project("{FAE04EC0-301F-11D3-BF4B-00C04F79EFBC}") = "v_2", "v_2.csproj", "{E9100FA2-4C16-074E-C81B-7065EB522731}"
EndProject
Project("{FAE04EC0-301F-11D3-BF4B-00C04F79EFBC}") = "v_2.Plugins", "v_2.Plugins.csproj", "{2DD805FE-D3FA-E8BB-42EC-D340202C6C53}"
EndProject
Project("{FAE04EC0-301F-11D3-BF4B-00C04F79EFBC}") = "v_2.Editor", "v_2.Editor.csproj", "{70805D83-CF1E-4443-C2F0-2793D955B836}"
EndProject
Global
	GlobalSection(SolutionConfigurationPlatforms) = preSolution
		Debug|Any CPU = Debug|Any CPU
		Release|Any CPU = Release|Any CPU
	EndGlobalSection
	GlobalSection(ProjectConfigurationPlatforms) = postSolution
		{E9100FA2-4C16-074E-C81B-7065EB522731}.Debug|Any CPU.ActiveCfg = Debug|Any CPU
		{E9100FA2-4C16-074E-C81B-7065EB522731}.Debug|Any CPU.Build.0 = Debug|Any CPU
		{E9100FA2-4C16-074E-C81B-7065EB522731}.Release|Any CPU.ActiveCfg = Release|Any CPU
		{E9100FA2-4C16-074E-C81B-7065EB522731}.Release|Any CPU.Build.0 = Release|Any CPU
		{2DD805FE-D3FA-E8BB-42EC-D340202C6C53}.Debug|Any CPU.ActiveCfg = Debug|Any CPU
		{2DD805FE-D3FA-E8BB-42EC-D340202C6C53}.Debug|Any CPU.Build.0 = Debug|Any CPU
		{2DD805FE-D3FA-E8BB-42EC-D340202C6C53}.Release|Any CPU.ActiveCfg = Release|Any CPU
		{2DD805FE-D3FA-E8BB-42EC-D340202C6C53}.Release|Any CPU.Build.0 = Release|Any CPU
		{70805D83-CF1E-4443-C2F0-2793D955B836}.Debug|Any CPU.ActiveCfg = Debug|Any CPU
		{70805D83-CF1E-4443-C2F0-2793D955B836}.Debug|Any CPU.Build.0 = Debug|Any CPU
		{70805D83-CF1E-4443-C2F0-2793D955B836}.Release|Any CPU.ActiveCfg = Release|Any CPU
		{70805D83-CF1E-4443-C2F0-2793D955B836}.Release|Any CPU.Build.0 = Release|Any CPU
	EndGlobalSection
	GlobalSection(SolutionProperties) = preSolution
		HideSolutionNode = FALSE
	EndGlobalSection
EndGlobal
